// !$*UTF8*$!
{
	archiveVersion = 1;
	classes = {
	};
	objectVersion = 50;
	objects = {

/* Begin PBXBuildFile section */
		075FE04323A56A9B0038A8CB /* AppDelegate.swift in Sources */ = {isa = PBXBuildFile; fileRef = 075FE04223A56A9B0038A8CB /* AppDelegate.swift */; };
		075FE04523A56A9B0038A8CB /* SceneDelegate.swift in Sources */ = {isa = PBXBuildFile; fileRef = 075FE04423A56A9B0038A8CB /* SceneDelegate.swift */; };
		075FE04723A56A9B0038A8CB /* CurrencyConverterViewController.swift in Sources */ = {isa = PBXBuildFile; fileRef = 075FE04623A56A9B0038A8CB /* CurrencyConverterViewController.swift */; };
		075FE04A23A56A9B0038A8CB /* Main.storyboard in Resources */ = {isa = PBXBuildFile; fileRef = 075FE04823A56A9B0038A8CB /* Main.storyboard */; };
		075FE04C23A56A9E0038A8CB /* Assets.xcassets in Resources */ = {isa = PBXBuildFile; fileRef = 075FE04B23A56A9E0038A8CB /* Assets.xcassets */; };
		075FE04F23A56A9E0038A8CB /* LaunchScreen.storyboard in Resources */ = {isa = PBXBuildFile; fileRef = 075FE04D23A56A9E0038A8CB /* LaunchScreen.storyboard */; };
		075FE05A23A56A9E0038A8CB /* Currency_ConverterTests.swift in Sources */ = {isa = PBXBuildFile; fileRef = 075FE05923A56A9E0038A8CB /* Currency_ConverterTests.swift */; };
		075FE06E23A573A30038A8CB /* ExchangeRateCollectionViewCell.swift in Sources */ = {isa = PBXBuildFile; fileRef = 075FE06C23A573A30038A8CB /* ExchangeRateCollectionViewCell.swift */; };
		075FE06F23A573A30038A8CB /* ExchangeRateCollectionViewCell.xib in Resources */ = {isa = PBXBuildFile; fileRef = 075FE06D23A573A30038A8CB /* ExchangeRateCollectionViewCell.xib */; };
		075FE07223A576230038A8CB /* RateExchangesFlowLayout.swift in Sources */ = {isa = PBXBuildFile; fileRef = 075FE07123A576230038A8CB /* RateExchangesFlowLayout.swift */; };
		075FE07423A57F6F0038A8CB /* RealTimeRates.swift in Sources */ = {isa = PBXBuildFile; fileRef = 075FE07323A57F6F0038A8CB /* RealTimeRates.swift */; };
		075FE07623A5800B0038A8CB /* Rate.swift in Sources */ = {isa = PBXBuildFile; fileRef = 075FE07523A5800B0038A8CB /* Rate.swift */; };
		075FE07823A5820B0038A8CB /* CurrencyLayerRequest.swift in Sources */ = {isa = PBXBuildFile; fileRef = 075FE07723A5820B0038A8CB /* CurrencyLayerRequest.swift */; };
		075FE07A23A595BC0038A8CB /* Currencies.swift in Sources */ = {isa = PBXBuildFile; fileRef = 075FE07923A595BC0038A8CB /* Currencies.swift */; };
		075FE07E23A5A8800038A8CB /* CurrencyConverterCache.swift in Sources */ = {isa = PBXBuildFile; fileRef = 075FE07D23A5A8800038A8CB /* CurrencyConverterCache.swift */; };
		075FE08023A5B9D50038A8CB /* Date+Utils.swift in Sources */ = {isa = PBXBuildFile; fileRef = 075FE07F23A5B9D50038A8CB /* Date+Utils.swift */; };
		075FE08223A5BCBC0038A8CB /* Currency.swift in Sources */ = {isa = PBXBuildFile; fileRef = 075FE08123A5BCBC0038A8CB /* Currency.swift */; };
		075FE08423A5DC9D0038A8CB /* CachedRates.swift in Sources */ = {isa = PBXBuildFile; fileRef = 075FE08323A5DC9D0038A8CB /* CachedRates.swift */; };
/* End PBXBuildFile section */

/* Begin PBXContainerItemProxy section */
		075FE05623A56A9E0038A8CB /* PBXContainerItemProxy */ = {
			isa = PBXContainerItemProxy;
			containerPortal = 075FE03723A56A9B0038A8CB /* Project object */;
			proxyType = 1;
			remoteGlobalIDString = 075FE03E23A56A9B0038A8CB;
			remoteInfo = "Currency Converter";
		};
/* End PBXContainerItemProxy section */

/* Begin PBXFileReference section */
		075FE03F23A56A9B0038A8CB /* Currency Converter.app */ = {isa = PBXFileReference; explicitFileType = wrapper.application; includeInIndex = 0; path = "Currency Converter.app"; sourceTree = BUILT_PRODUCTS_DIR; };
		075FE04223A56A9B0038A8CB /* AppDelegate.swift */ = {isa = PBXFileReference; lastKnownFileType = sourcecode.swift; path = AppDelegate.swift; sourceTree = "<group>"; };
		075FE04423A56A9B0038A8CB /* SceneDelegate.swift */ = {isa = PBXFileReference; lastKnownFileType = sourcecode.swift; path = SceneDelegate.swift; sourceTree = "<group>"; };
		075FE04623A56A9B0038A8CB /* CurrencyConverterViewController.swift */ = {isa = PBXFileReference; lastKnownFileType = sourcecode.swift; path = CurrencyConverterViewController.swift; sourceTree = "<group>"; };
		075FE04923A56A9B0038A8CB /* Base */ = {isa = PBXFileReference; lastKnownFileType = file.storyboard; name = Base; path = Base.lproj/Main.storyboard; sourceTree = "<group>"; };
		075FE04B23A56A9E0038A8CB /* Assets.xcassets */ = {isa = PBXFileReference; lastKnownFileType = folder.assetcatalog; path = Assets.xcassets; sourceTree = "<group>"; };
		075FE04E23A56A9E0038A8CB /* Base */ = {isa = PBXFileReference; lastKnownFileType = file.storyboard; name = Base; path = Base.lproj/LaunchScreen.storyboard; sourceTree = "<group>"; };
		075FE05023A56A9E0038A8CB /* Info.plist */ = {isa = PBXFileReference; lastKnownFileType = text.plist.xml; path = Info.plist; sourceTree = "<group>"; };
		075FE05523A56A9E0038A8CB /* Currency ConverterTests.xctest */ = {isa = PBXFileReference; explicitFileType = wrapper.cfbundle; includeInIndex = 0; path = "Currency ConverterTests.xctest"; sourceTree = BUILT_PRODUCTS_DIR; };
		075FE05923A56A9E0038A8CB /* Currency_ConverterTests.swift */ = {isa = PBXFileReference; lastKnownFileType = sourcecode.swift; path = Currency_ConverterTests.swift; sourceTree = "<group>"; };
		075FE05B23A56A9E0038A8CB /* Info.plist */ = {isa = PBXFileReference; lastKnownFileType = text.plist.xml; path = Info.plist; sourceTree = "<group>"; };
		075FE06C23A573A30038A8CB /* ExchangeRateCollectionViewCell.swift */ = {isa = PBXFileReference; lastKnownFileType = sourcecode.swift; path = ExchangeRateCollectionViewCell.swift; sourceTree = "<group>"; };
		075FE06D23A573A30038A8CB /* ExchangeRateCollectionViewCell.xib */ = {isa = PBXFileReference; lastKnownFileType = file.xib; path = ExchangeRateCollectionViewCell.xib; sourceTree = "<group>"; };
		075FE07123A576230038A8CB /* RateExchangesFlowLayout.swift */ = {isa = PBXFileReference; lastKnownFileType = sourcecode.swift; path = RateExchangesFlowLayout.swift; sourceTree = "<group>"; };
		075FE07323A57F6F0038A8CB /* RealTimeRates.swift */ = {isa = PBXFileReference; lastKnownFileType = sourcecode.swift; path = RealTimeRates.swift; sourceTree = "<group>"; };
		075FE07523A5800B0038A8CB /* Rate.swift */ = {isa = PBXFileReference; lastKnownFileType = sourcecode.swift; path = Rate.swift; sourceTree = "<group>"; };
		075FE07723A5820B0038A8CB /* CurrencyLayerRequest.swift */ = {isa = PBXFileReference; lastKnownFileType = sourcecode.swift; path = CurrencyLayerRequest.swift; sourceTree = "<group>"; };
		075FE07923A595BC0038A8CB /* Currencies.swift */ = {isa = PBXFileReference; lastKnownFileType = sourcecode.swift; path = Currencies.swift; sourceTree = "<group>"; };
		075FE07D23A5A8800038A8CB /* CurrencyConverterCache.swift */ = {isa = PBXFileReference; lastKnownFileType = sourcecode.swift; path = CurrencyConverterCache.swift; sourceTree = "<group>"; };
		075FE07F23A5B9D50038A8CB /* Date+Utils.swift */ = {isa = PBXFileReference; lastKnownFileType = sourcecode.swift; path = "Date+Utils.swift"; sourceTree = "<group>"; };
		075FE08123A5BCBC0038A8CB /* Currency.swift */ = {isa = PBXFileReference; lastKnownFileType = sourcecode.swift; path = Currency.swift; sourceTree = "<group>"; };
		075FE08323A5DC9D0038A8CB /* CachedRates.swift */ = {isa = PBXFileReference; lastKnownFileType = sourcecode.swift; path = CachedRates.swift; sourceTree = "<group>"; };
/* End PBXFileReference section */

/* Begin PBXFrameworksBuildPhase section */
		075FE03C23A56A9B0038A8CB /* Frameworks */ = {
			isa = PBXFrameworksBuildPhase;
			buildActionMask = 2147483647;
			files = (
			);
			runOnlyForDeploymentPostprocessing = 0;
		};
		075FE05223A56A9E0038A8CB /* Frameworks */ = {
			isa = PBXFrameworksBuildPhase;
			buildActionMask = 2147483647;
			files = (
			);
			runOnlyForDeploymentPostprocessing = 0;
		};
/* End PBXFrameworksBuildPhase section */

/* Begin PBXGroup section */
		075FE03623A56A9B0038A8CB = {
			isa = PBXGroup;
			children = (
				075FE04123A56A9B0038A8CB /* Currency Converter */,
				075FE05823A56A9E0038A8CB /* Currency ConverterTests */,
				075FE04023A56A9B0038A8CB /* Products */,
			);
			sourceTree = "<group>";
		};
		075FE04023A56A9B0038A8CB /* Products */ = {
			isa = PBXGroup;
			children = (
				075FE03F23A56A9B0038A8CB /* Currency Converter.app */,
				075FE05523A56A9E0038A8CB /* Currency ConverterTests.xctest */,
			);
			name = Products;
			sourceTree = "<group>";
		};
		075FE04123A56A9B0038A8CB /* Currency Converter */ = {
			isa = PBXGroup;
			children = (
				075FE07B23A5A8640038A8CB /* Singleton */,
				075FE06823A5712A0038A8CB /* Extensions */,
				075FE06723A571250038A8CB /* Models */,
				075FE06623A5711E0038A8CB /* Network */,
				075FE06423A570BE0038A8CB /* Scenes */,
				075FE04223A56A9B0038A8CB /* AppDelegate.swift */,
				075FE04423A56A9B0038A8CB /* SceneDelegate.swift */,
				075FE04823A56A9B0038A8CB /* Main.storyboard */,
				075FE04B23A56A9E0038A8CB /* Assets.xcassets */,
				075FE04D23A56A9E0038A8CB /* LaunchScreen.storyboard */,
				075FE05023A56A9E0038A8CB /* Info.plist */,
			);
			path = "Currency Converter";
			sourceTree = "<group>";
		};
		075FE05823A56A9E0038A8CB /* Currency ConverterTests */ = {
			isa = PBXGroup;
			children = (
				075FE05923A56A9E0038A8CB /* Currency_ConverterTests.swift */,
				075FE05B23A56A9E0038A8CB /* Info.plist */,
			);
			path = "Currency ConverterTests";
			sourceTree = "<group>";
		};
		075FE06423A570BE0038A8CB /* Scenes */ = {
			isa = PBXGroup;
			children = (
				075FE06923A573600038A8CB /* Cells */,
				075FE04623A56A9B0038A8CB /* CurrencyConverterViewController.swift */,
				075FE07123A576230038A8CB /* RateExchangesFlowLayout.swift */,
			);
			path = Scenes;
			sourceTree = "<group>";
		};
		075FE06623A5711E0038A8CB /* Network */ = {
			isa = PBXGroup;
			children = (
				075FE07723A5820B0038A8CB /* CurrencyLayerRequest.swift */,
			);
			path = Network;
			sourceTree = "<group>";
		};
		075FE06723A571250038A8CB /* Models */ = {
			isa = PBXGroup;
			children = (
				075FE07323A57F6F0038A8CB /* RealTimeRates.swift */,
				075FE07523A5800B0038A8CB /* Rate.swift */,
				075FE07923A595BC0038A8CB /* Currencies.swift */,
				075FE08123A5BCBC0038A8CB /* Currency.swift */,
				075FE08323A5DC9D0038A8CB /* CachedRates.swift */,
			);
			path = Models;
			sourceTree = "<group>";
		};
		075FE06823A5712A0038A8CB /* Extensions */ = {
			isa = PBXGroup;
			children = (
				075FE07F23A5B9D50038A8CB /* Date+Utils.swift */,
			);
			path = Extensions;
			sourceTree = "<group>";
		};
		075FE06923A573600038A8CB /* Cells */ = {
			isa = PBXGroup;
			children = (
				075FE06C23A573A30038A8CB /* ExchangeRateCollectionViewCell.swift */,
				075FE06D23A573A30038A8CB /* ExchangeRateCollectionViewCell.xib */,
			);
			path = Cells;
			sourceTree = "<group>";
		};
		075FE07B23A5A8640038A8CB /* Singleton */ = {
			isa = PBXGroup;
			children = (
				075FE07D23A5A8800038A8CB /* CurrencyConverterCache.swift */,
			);
			path = Singleton;
			sourceTree = "<group>";
		};
/* End PBXGroup section */

/* Begin PBXNativeTarget section */
		075FE03E23A56A9B0038A8CB /* Currency Converter */ = {
			isa = PBXNativeTarget;
			buildConfigurationList = 075FE05E23A56A9E0038A8CB /* Build configuration list for PBXNativeTarget "Currency Converter" */;
			buildPhases = (
				075FE03B23A56A9B0038A8CB /* Sources */,
				075FE03C23A56A9B0038A8CB /* Frameworks */,
				075FE03D23A56A9B0038A8CB /* Resources */,
			);
			buildRules = (
			);
			dependencies = (
			);
			name = "Currency Converter";
			productName = "Currency Converter";
			productReference = 075FE03F23A56A9B0038A8CB /* Currency Converter.app */;
			productType = "com.apple.product-type.application";
		};
		075FE05423A56A9E0038A8CB /* Currency ConverterTests */ = {
			isa = PBXNativeTarget;
			buildConfigurationList = 075FE06123A56A9E0038A8CB /* Build configuration list for PBXNativeTarget "Currency ConverterTests" */;
			buildPhases = (
				075FE05123A56A9E0038A8CB /* Sources */,
				075FE05223A56A9E0038A8CB /* Frameworks */,
				075FE05323A56A9E0038A8CB /* Resources */,
			);
			buildRules = (
			);
			dependencies = (
				075FE05723A56A9E0038A8CB /* PBXTargetDependency */,
			);
			name = "Currency ConverterTests";
			productName = "Currency ConverterTests";
			productReference = 075FE05523A56A9E0038A8CB /* Currency ConverterTests.xctest */;
			productType = "com.apple.product-type.bundle.unit-test";
		};
/* End PBXNativeTarget section */

/* Begin PBXProject section */
		075FE03723A56A9B0038A8CB /* Project object */ = {
			isa = PBXProject;
			attributes = {
				LastSwiftUpdateCheck = 1120;
				LastUpgradeCheck = 1120;
				TargetAttributes = {
					075FE03E23A56A9B0038A8CB = {
						CreatedOnToolsVersion = 11.2.1;
					};
					075FE05423A56A9E0038A8CB = {
						CreatedOnToolsVersion = 11.2.1;
						TestTargetID = 075FE03E23A56A9B0038A8CB;
					};
				};
			};
			buildConfigurationList = 075FE03A23A56A9B0038A8CB /* Build configuration list for PBXProject "Currency Converter" */;
			compatibilityVersion = "Xcode 9.3";
			developmentRegion = en;
			hasScannedForEncodings = 0;
			knownRegions = (
				en,
				Base,
			);
			mainGroup = 075FE03623A56A9B0038A8CB;
			productRefGroup = 075FE04023A56A9B0038A8CB /* Products */;
			projectDirPath = "";
			projectRoot = "";
			targets = (
				075FE03E23A56A9B0038A8CB /* Currency Converter */,
				075FE05423A56A9E0038A8CB /* Currency ConverterTests */,
			);
		};
/* End PBXProject section */

/* Begin PBXResourcesBuildPhase section */
		075FE03D23A56A9B0038A8CB /* Resources */ = {
			isa = PBXResourcesBuildPhase;
			buildActionMask = 2147483647;
			files = (
				075FE04F23A56A9E0038A8CB /* LaunchScreen.storyboard in Resources */,
				075FE04C23A56A9E0038A8CB /* Assets.xcassets in Resources */,
				075FE06F23A573A30038A8CB /* ExchangeRateCollectionViewCell.xib in Resources */,
				075FE04A23A56A9B0038A8CB /* Main.storyboard in Resources */,
			);
			runOnlyForDeploymentPostprocessing = 0;
		};
		075FE05323A56A9E0038A8CB /* Resources */ = {
			isa = PBXResourcesBuildPhase;
			buildActionMask = 2147483647;
			files = (
			);
			runOnlyForDeploymentPostprocessing = 0;
		};
/* End PBXResourcesBuildPhase section */

/* Begin PBXSourcesBuildPhase section */
		075FE03B23A56A9B0038A8CB /* Sources */ = {
			isa = PBXSourcesBuildPhase;
			buildActionMask = 2147483647;
			files = (
				075FE08223A5BCBC0038A8CB /* Currency.swift in Sources */,
				075FE07A23A595BC0038A8CB /* Currencies.swift in Sources */,
				075FE07423A57F6F0038A8CB /* RealTimeRates.swift in Sources */,
				075FE07223A576230038A8CB /* RateExchangesFlowLayout.swift in Sources */,
				075FE04723A56A9B0038A8CB /* CurrencyConverterViewController.swift in Sources */,
				075FE08023A5B9D50038A8CB /* Date+Utils.swift in Sources */,
				075FE07623A5800B0038A8CB /* Rate.swift in Sources */,
				075FE08423A5DC9D0038A8CB /* CachedRates.swift in Sources */,
				075FE04323A56A9B0038A8CB /* AppDelegate.swift in Sources */,
				075FE06E23A573A30038A8CB /* ExchangeRateCollectionViewCell.swift in Sources */,
				075FE07823A5820B0038A8CB /* CurrencyLayerRequest.swift in Sources */,
				075FE07E23A5A8800038A8CB /* CurrencyConverterCache.swift in Sources */,
				075FE04523A56A9B0038A8CB /* SceneDelegate.swift in Sources */,
			);
			runOnlyForDeploymentPostprocessing = 0;
		};
		075FE05123A56A9E0038A8CB /* Sources */ = {
			isa = PBXSourcesBuildPhase;
			buildActionMask = 2147483647;
			files = (
				075FE05A23A56A9E0038A8CB /* Currency_ConverterTests.swift in Sources */,
			);
			runOnlyForDeploymentPostprocessing = 0;
		};
/* End PBXSourcesBuildPhase section */

/* Begin PBXTargetDependency section */
		075FE05723A56A9E0038A8CB /* PBXTargetDependency */ = {
			isa = PBXTargetDependency;
			target = 075FE03E23A56A9B0038A8CB /* Currency Converter */;
			targetProxy = 075FE05623A56A9E0038A8CB /* PBXContainerItemProxy */;
		};
/* End PBXTargetDependency section */

/* Begin PBXVariantGroup section */
		075FE04823A56A9B0038A8CB /* Main.storyboard */ = {
			isa = PBXVariantGroup;
			children = (
				075FE04923A56A9B0038A8CB /* Base */,
			);
			name = Main.storyboard;
			sourceTree = "<group>";
		};
		075FE04D23A56A9E0038A8CB /* LaunchScreen.storyboard */ = {
			isa = PBXVariantGroup;
			children = (
				075FE04E23A56A9E0038A8CB /* Base */,
			);
			name = LaunchScreen.storyboard;
			sourceTree = "<group>";
		};
/* End PBXVariantGroup section */

/* Begin XCBuildConfiguration section */
		075FE05C23A56A9E0038A8CB /* Debug */ = {
			isa = XCBuildConfiguration;
			buildSettings = {
				ALWAYS_SEARCH_USER_PATHS = NO;
				CLANG_ANALYZER_NONNULL = YES;
				CLANG_ANALYZER_NUMBER_OBJECT_CONVERSION = YES_AGGRESSIVE;
				CLANG_CXX_LANGUAGE_STANDARD = "gnu++14";
				CLANG_CXX_LIBRARY = "libc++";
				CLANG_ENABLE_MODULES = YES;
				CLANG_ENABLE_OBJC_ARC = YES;
				CLANG_ENABLE_OBJC_WEAK = YES;
				CLANG_WARN_BLOCK_CAPTURE_AUTORELEASING = YES;
				CLANG_WARN_BOOL_CONVERSION = YES;
				CLANG_WARN_COMMA = YES;
				CLANG_WARN_CONSTANT_CONVERSION = YES;
				CLANG_WARN_DEPRECATED_OBJC_IMPLEMENTATIONS = YES;
				CLANG_WARN_DIRECT_OBJC_ISA_USAGE = YES_ERROR;
				CLANG_WARN_DOCUMENTATION_COMMENTS = YES;
				CLANG_WARN_EMPTY_BODY = YES;
				CLANG_WARN_ENUM_CONVERSION = YES;
				CLANG_WARN_INFINITE_RECURSION = YES;
				CLANG_WARN_INT_CONVERSION = YES;
				CLANG_WARN_NON_LITERAL_NULL_CONVERSION = YES;
				CLANG_WARN_OBJC_IMPLICIT_RETAIN_SELF = YES;
				CLANG_WARN_OBJC_LITERAL_CONVERSION = YES;
				CLANG_WARN_OBJC_ROOT_CLASS = YES_ERROR;
				CLANG_WARN_RANGE_LOOP_ANALYSIS = YES;
				CLANG_WARN_STRICT_PROTOTYPES = YES;
				CLANG_WARN_SUSPICIOUS_MOVE = YES;
				CLANG_WARN_UNGUARDED_AVAILABILITY = YES_AGGRESSIVE;
				CLANG_WARN_UNREACHABLE_CODE = YES;
				CLANG_WARN__DUPLICATE_METHOD_MATCH = YES;
				COPY_PHASE_STRIP = NO;
				DEBUG_INFORMATION_FORMAT = dwarf;
				ENABLE_STRICT_OBJC_MSGSEND = YES;
				ENABLE_TESTABILITY = YES;
				GCC_C_LANGUAGE_STANDARD = gnu11;
				GCC_DYNAMIC_NO_PIC = NO;
				GCC_NO_COMMON_BLOCKS = YES;
				GCC_OPTIMIZATION_LEVEL = 0;
				GCC_PREPROCESSOR_DEFINITIONS = (
					"DEBUG=1",
					"$(inherited)",
				);
				GCC_WARN_64_TO_32_BIT_CONVERSION = YES;
				GCC_WARN_ABOUT_RETURN_TYPE = YES_ERROR;
				GCC_WARN_UNDECLARED_SELECTOR = YES;
				GCC_WARN_UNINITIALIZED_AUTOS = YES_AGGRESSIVE;
				GCC_WARN_UNUSED_FUNCTION = YES;
				GCC_WARN_UNUSED_VARIABLE = YES;
				IPHONEOS_DEPLOYMENT_TARGET = 13.2;
				MTL_ENABLE_DEBUG_INFO = INCLUDE_SOURCE;
				MTL_FAST_MATH = YES;
				ONLY_ACTIVE_ARCH = YES;
				SDKROOT = iphoneos;
				SWIFT_ACTIVE_COMPILATION_CONDITIONS = DEBUG;
				SWIFT_OPTIMIZATION_LEVEL = "-Onone";
			};
			name = Debug;
		};
		075FE05D23A56A9E0038A8CB /* Release */ = {
			isa = XCBuildConfiguration;
			buildSettings = {
				ALWAYS_SEARCH_USER_PATHS = NO;
				CLANG_ANALYZER_NONNULL = YES;
				CLANG_ANALYZER_NUMBER_OBJECT_CONVERSION = YES_AGGRESSIVE;
				CLANG_CXX_LANGUAGE_STANDARD = "gnu++14";
				CLANG_CXX_LIBRARY = "libc++";
				CLANG_ENABLE_MODULES = YES;
				CLANG_ENABLE_OBJC_ARC = YES;
				CLANG_ENABLE_OBJC_WEAK = YES;
				CLANG_WARN_BLOCK_CAPTURE_AUTORELEASING = YES;
				CLANG_WARN_BOOL_CONVERSION = YES;
				CLANG_WARN_COMMA = YES;
				CLANG_WARN_CONSTANT_CONVERSION = YES;
				CLANG_WARN_DEPRECATED_OBJC_IMPLEMENTATIONS = YES;
				CLANG_WARN_DIRECT_OBJC_ISA_USAGE = YES_ERROR;
				CLANG_WARN_DOCUMENTATION_COMMENTS = YES;
				CLANG_WARN_EMPTY_BODY = YES;
				CLANG_WARN_ENUM_CONVERSION = YES;
				CLANG_WARN_INFINITE_RECURSION = YES;
				CLANG_WARN_INT_CONVERSION = YES;
				CLANG_WARN_NON_LITERAL_NULL_CONVERSION = YES;
				CLANG_WARN_OBJC_IMPLICIT_RETAIN_SELF = YES;
				CLANG_WARN_OBJC_LITERAL_CONVERSION = YES;
				CLANG_WARN_OBJC_ROOT_CLASS = YES_ERROR;
				CLANG_WARN_RANGE_LOOP_ANALYSIS = YES;
				CLANG_WARN_STRICT_PROTOTYPES = YES;
				CLANG_WARN_SUSPICIOUS_MOVE = YES;
				CLANG_WARN_UNGUARDED_AVAILABILITY = YES_AGGRESSIVE;
				CLANG_WARN_UNREACHABLE_CODE = YES;
				CLANG_WARN__DUPLICATE_METHOD_MATCH = YES;
				COPY_PHASE_STRIP = NO;
				DEBUG_INFORMATION_FORMAT = "dwarf-with-dsym";
				ENABLE_NS_ASSERTIONS = NO;
				ENABLE_STRICT_OBJC_MSGSEND = YES;
				GCC_C_LANGUAGE_STANDARD = gnu11;
				GCC_NO_COMMON_BLOCKS = YES;
				GCC_WARN_64_TO_32_BIT_CONVERSION = YES;
				GCC_WARN_ABOUT_RETURN_TYPE = YES_ERROR;
				GCC_WARN_UNDECLARED_SELECTOR = YES;
				GCC_WARN_UNINITIALIZED_AUTOS = YES_AGGRESSIVE;
				GCC_WARN_UNUSED_FUNCTION = YES;
				GCC_WARN_UNUSED_VARIABLE = YES;
				IPHONEOS_DEPLOYMENT_TARGET = 13.2;
				MTL_ENABLE_DEBUG_INFO = NO;
				MTL_FAST_MATH = YES;
				SDKROOT = iphoneos;
				SWIFT_COMPILATION_MODE = wholemodule;
				SWIFT_OPTIMIZATION_LEVEL = "-O";
				VALIDATE_PRODUCT = YES;
			};
			name = Release;
		};
		075FE05F23A56A9E0038A8CB /* Debug */ = {
			isa = XCBuildConfiguration;
			buildSettings = {
				ASSETCATALOG_COMPILER_APPICON_NAME = AppIcon;
				CODE_SIGN_STYLE = Automatic;
				INFOPLIST_FILE = "Currency Converter/Info.plist";
				IPHONEOS_DEPLOYMENT_TARGET = 12.0;
				LD_RUNPATH_SEARCH_PATHS = (
					"$(inherited)",
					"@executable_path/Frameworks",
				);
				PRODUCT_BUNDLE_IDENTIFIER = "com.thalissonrosa.Currency-Converter";
				PRODUCT_NAME = "$(TARGET_NAME)";
				SWIFT_VERSION = 5.0;
				TARGETED_DEVICE_FAMILY = 1;
			};
			name = Debug;
		};
		075FE06023A56A9E0038A8CB /* Release */ = {
			isa = XCBuildConfiguration;
			buildSettings = {
				ASSETCATALOG_COMPILER_APPICON_NAME = AppIcon;
				CODE_SIGN_STYLE = Automatic;
				INFOPLIST_FILE = "Currency Converter/Info.plist";
				IPHONEOS_DEPLOYMENT_TARGET = 12.0;
				LD_RUNPATH_SEARCH_PATHS = (
					"$(inherited)",
					"@executable_path/Frameworks",
				);
				PRODUCT_BUNDLE_IDENTIFIER = "com.thalissonrosa.Currency-Converter";
				PRODUCT_NAME = "$(TARGET_NAME)";
				SWIFT_VERSION = 5.0;
				TARGETED_DEVICE_FAMILY = 1;
			};
			name = Release;
		};
		075FE06223A56A9E0038A8CB /* Debug */ = {
			isa = XCBuildConfiguration;
			buildSettings = {
				ALWAYS_EMBED_SWIFT_STANDARD_LIBRARIES = YES;
				BUNDLE_LOADER = "$(TEST_HOST)";
				CODE_SIGN_STYLE = Automatic;
				INFOPLIST_FILE = "Currency ConverterTests/Info.plist";
				IPHONEOS_DEPLOYMENT_TARGET = 13.2;
				LD_RUNPATH_SEARCH_PATHS = (
					"$(inherited)",
					"@executable_path/Frameworks",
					"@loader_path/Frameworks",
				);
				PRODUCT_BUNDLE_IDENTIFIER = "com.thalissonrosa.Currency-ConverterTests";
				PRODUCT_NAME = "$(TARGET_NAME)";
				SWIFT_VERSION = 5.0;
				TARGETED_DEVICE_FAMILY = "1,2";
				TEST_HOST = "$(BUILT_PRODUCTS_DIR)/Currency Converter.app/Currency Converter";
			};
			name = Debug;
		};
		075FE06323A56A9E0038A8CB /* Release */ = {
			isa = XCBuildConfiguration;
			buildSettings = {
				ALWAYS_EMBED_SWIFT_STANDARD_LIBRARIES = YES;
				BUNDLE_LOADER = "$(TEST_HOST)";
				CODE_SIGN_STYLE = Automatic;
				INFOPLIST_FILE = "Currency ConverterTests/Info.plist";
				IPHONEOS_DEPLOYMENT_TARGET = 13.2;
				LD_RUNPATH_SEARCH_PATHS = (
					"$(inherited)",
					"@executable_path/Frameworks",
					"@loader_path/Frameworks",
				);
				PRODUCT_BUNDLE_IDENTIFIER = "com.thalissonrosa.Currency-ConverterTests";
				PRODUCT_NAME = "$(TARGET_NAME)";
				SWIFT_VERSION = 5.0;
				TARGETED_DEVICE_FAMILY = "1,2";
				TEST_HOST = "$(BUILT_PRODUCTS_DIR)/Currency Converter.app/Currency Converter";
			};
			name = Release;
		};
/* End XCBuildConfiguration section */

/* Begin XCConfigurationList section */
		075FE03A23A56A9B0038A8CB /* Build configuration list for PBXProject "Currency Converter" */ = {
			isa = XCConfigurationList;
			buildConfigurations = (
				075FE05C23A56A9E0038A8CB /* Debug */,
				075FE05D23A56A9E0038A8CB /* Release */,
			);
			defaultConfigurationIsVisible = 0;
			defaultConfigurationName = Release;
		};
		075FE05E23A56A9E0038A8CB /* Build configuration list for PBXNativeTarget "Currency Converter" */ = {
			isa = XCConfigurationList;
			buildConfigurations = (
				075FE05F23A56A9E0038A8CB /* Debug */,
				075FE06023A56A9E0038A8CB /* Release */,
			);
			defaultConfigurationIsVisible = 0;
			defaultConfigurationName = Release;
		};
		075FE06123A56A9E0038A8CB /* Build configuration list for PBXNativeTarget "Currency ConverterTests" */ = {
			isa = XCConfigurationList;
			buildConfigurations = (
				075FE06223A56A9E0038A8CB /* Debug */,
				075FE06323A56A9E0038A8CB /* Release */,
			);
			defaultConfigurationIsVisible = 0;
			defaultConfigurationName = Release;
		};
/* End XCConfigurationList section */
	};
	rootObject = 075FE03723A56A9B0038A8CB /* Project object */;
}
